
Microsoft Visual Studio Solution File, Format Version 12.00
# Visual Studio Version 16
VisualStudioVersion = 16.0.31624.102
MinimumVisualStudioVersion = 10.0.40219.1
Project("{FAE04EC0-301F-11D3-BF4B-00C04F79EFBC}") = "MVC Blog", "MVC Blog\MVC Blog.csproj", "{EADEE702-4CA1-44CB-B70C-3ACDA8A497AD}"
EndProject
Global
	GlobalSection(SolutionConfigurationPlatforms) = preSolution
		Debug|Any CPU = Debug|Any CPU
		Release|Any CPU = Release|Any CPU
	EndGlobalSection
	GlobalSection(ProjectConfigurationPlatforms) = postSolution
		{EADEE702-4CA1-44CB-B70C-3ACDA8A497AD}.Debug|Any CPU.ActiveCfg = Debug|Any CPU
		{EADEE702-4CA1-44CB-B70C-3ACDA8A497AD}.Debug|Any CPU.Build.0 = Debug|Any CPU
		{EADEE702-4CA1-44CB-B70C-3ACDA8A497AD}.Release|Any CPU.ActiveCfg = Release|Any CPU
		{EADEE702-4CA1-44CB-B70C-3ACDA8A497AD}.Release|Any CPU.Build.0 = Release|Any CPU
	EndGlobalSection
	GlobalSection(SolutionProperties) = preSolution
		HideSolutionNode = FALSE
	EndGlobalSection
	GlobalSection(ExtensibilityGlobals) = postSolution
		SolutionGuid = {105FAC3B-EF69-40E5-9258-E79F81C84A37}
	EndGlobalSection
EndGlobal
